// !$*UTF8*$!
{
	archiveVersion = 1;
	classes = {
	};
	objectVersion = 48;
	objects = {

/* Begin PBXBuildFile section */
		844B62191F90928E00BC2316 /* AppDelegate.m in Sources */ = {isa = PBXBuildFile; fileRef = 844B62181F90928E00BC2316 /* AppDelegate.m */; };
		844B621C1F90928F00BC2316 /* ViewController.m in Sources */ = {isa = PBXBuildFile; fileRef = 844B621B1F90928F00BC2316 /* ViewController.m */; };
		844B621F1F90928F00BC2316 /* Main.storyboard in Resources */ = {isa = PBXBuildFile; fileRef = 844B621D1F90928F00BC2316 /* Main.storyboard */; };
		844B62211F90928F00BC2316 /* Assets.xcassets in Resources */ = {isa = PBXBuildFile; fileRef = 844B62201F90928F00BC2316 /* Assets.xcassets */; };
		844B62241F90928F00BC2316 /* LaunchScreen.storyboard in Resources */ = {isa = PBXBuildFile; fileRef = 844B62221F90928F00BC2316 /* LaunchScreen.storyboard */; };
		844B62271F90928F00BC2316 /* main.m in Sources */ = {isa = PBXBuildFile; fileRef = 844B62261F90928F00BC2316 /* main.m */; };
		844B62351F9092E200BC2316 /* CQCountDownButton.m in Sources */ = {isa = PBXBuildFile; fileRef = 844B62301F9092E200BC2316 /* CQCountDownButton.m */; };
		844B62361F9092E200BC2316 /* Info.plist in Resources */ = {isa = PBXBuildFile; fileRef = 844B62321F9092E200BC2316 /* Info.plist */; };
		844B62371F9092E200BC2316 /* MSWeakTimer.m in Sources */ = {isa = PBXBuildFile; fileRef = 844B62341F9092E200BC2316 /* MSWeakTimer.m */; };
		844B62501F90937B00BC2316 /* MASCompositeConstraint.m in Sources */ = {isa = PBXBuildFile; fileRef = 844B623A1F90937B00BC2316 /* MASCompositeConstraint.m */; };
		844B62511F90937B00BC2316 /* MASConstraint.m in Sources */ = {isa = PBXBuildFile; fileRef = 844B623D1F90937B00BC2316 /* MASConstraint.m */; };
		844B62521F90937B00BC2316 /* MASConstraintMaker.m in Sources */ = {isa = PBXBuildFile; fileRef = 844B623F1F90937B00BC2316 /* MASConstraintMaker.m */; };
		844B62531F90937B00BC2316 /* MASLayoutConstraint.m in Sources */ = {isa = PBXBuildFile; fileRef = 844B62411F90937B00BC2316 /* MASLayoutConstraint.m */; };
		844B62541F90937B00BC2316 /* MASViewAttribute.m in Sources */ = {isa = PBXBuildFile; fileRef = 844B62451F90937B00BC2316 /* MASViewAttribute.m */; };
		844B62551F90937B00BC2316 /* MASViewConstraint.m in Sources */ = {isa = PBXBuildFile; fileRef = 844B62471F90937B00BC2316 /* MASViewConstraint.m */; };
		844B62561F90937B00BC2316 /* NSArray+MASAdditions.m in Sources */ = {isa = PBXBuildFile; fileRef = 844B62491F90937B00BC2316 /* NSArray+MASAdditions.m */; };
		844B62571F90937B00BC2316 /* NSLayoutConstraint+MASDebugAdditions.m in Sources */ = {isa = PBXBuildFile; fileRef = 844B624C1F90937B00BC2316 /* NSLayoutConstraint+MASDebugAdditions.m */; };
		844B62581F90937B00BC2316 /* View+MASAdditions.m in Sources */ = {isa = PBXBuildFile; fileRef = 844B624E1F90937B00BC2316 /* View+MASAdditions.m */; };
		844B62641F9094C500BC2316 /* SVIndefiniteAnimatedView.m in Sources */ = {isa = PBXBuildFile; fileRef = 844B625B1F9094C500BC2316 /* SVIndefiniteAnimatedView.m */; };
		844B62651F9094C500BC2316 /* SVProgressAnimatedView.m in Sources */ = {isa = PBXBuildFile; fileRef = 844B625D1F9094C500BC2316 /* SVProgressAnimatedView.m */; };
		844B62661F9094C500BC2316 /* SVProgressHUD.bundle in Resources */ = {isa = PBXBuildFile; fileRef = 844B625F1F9094C500BC2316 /* SVProgressHUD.bundle */; };
		844B62671F9094C500BC2316 /* SVProgressHUD.m in Sources */ = {isa = PBXBuildFile; fileRef = 844B62611F9094C500BC2316 /* SVProgressHUD.m */; };
		844B62681F9094C500BC2316 /* SVRadialGradientLayer.m in Sources */ = {isa = PBXBuildFile; fileRef = 844B62631F9094C500BC2316 /* SVRadialGradientLayer.m */; };
/* End PBXBuildFile section */

/* Begin PBXFileReference section */
		844B62141F90928E00BC2316 /* FMCountDownBtnDemo.app */ = {isa = PBXFileReference; explicitFileType = wrapper.application; includeInIndex = 0; path = FMCountDownBtnDemo.app; sourceTree = BUILT_PRODUCTS_DIR; };
		844B62171F90928E00BC2316 /* AppDelegate.h */ = {isa = PBXFileReference; lastKnownFileType = sourcecode.c.h; path = AppDelegate.h; sourceTree = "<group>"; };
		844B62181F90928E00BC2316 /* AppDelegate.m */ = {isa = PBXFileReference; lastKnownFileType = sourcecode.c.objc; path = AppDelegate.m; sourceTree = "<group>"; };
		844B621A1F90928E00BC2316 /* ViewController.h */ = {isa = PBXFileReference; lastKnownFileType = sourcecode.c.h; path = ViewController.h; sourceTree = "<group>"; };
		844B621B1F90928F00BC2316 /* ViewController.m */ = {isa = PBXFileReference; lastKnownFileType = sourcecode.c.objc; path = ViewController.m; sourceTree = "<group>"; };
		844B621E1F90928F00BC2316 /* Base */ = {isa = PBXFileReference; lastKnownFileType = file.storyboard; name = Base; path = Base.lproj/Main.storyboard; sourceTree = "<group>"; };
		844B62201F90928F00BC2316 /* Assets.xcassets */ = {isa = PBXFileReference; lastKnownFileType = folder.assetcatalog; path = Assets.xcassets; sourceTree = "<group>"; };
		844B62231F90928F00BC2316 /* Base */ = {isa = PBXFileReference; lastKnownFileType = file.storyboard; name = Base; path = Base.lproj/LaunchScreen.storyboard; sourceTree = "<group>"; };
		844B62251F90928F00BC2316 /* Info.plist */ = {isa = PBXFileReference; lastKnownFileType = text.plist.xml; path = Info.plist; sourceTree = "<group>"; };
		844B62261F90928F00BC2316 /* main.m */ = {isa = PBXFileReference; lastKnownFileType = sourcecode.c.objc; path = main.m; sourceTree = "<group>"; };
		844B622F1F9092E200BC2316 /* CQCountDownButton.h */ = {isa = PBXFileReference; fileEncoding = 4; lastKnownFileType = sourcecode.c.h; path = CQCountDownButton.h; sourceTree = "<group>"; };
		844B62301F9092E200BC2316 /* CQCountDownButton.m */ = {isa = PBXFileReference; fileEncoding = 4; lastKnownFileType = sourcecode.c.objc; path = CQCountDownButton.m; sourceTree = "<group>"; };
		844B62321F9092E200BC2316 /* Info.plist */ = {isa = PBXFileReference; fileEncoding = 4; lastKnownFileType = text.plist.xml; path = Info.plist; sourceTree = "<group>"; };
		844B62331F9092E200BC2316 /* MSWeakTimer.h */ = {isa = PBXFileReference; fileEncoding = 4; lastKnownFileType = sourcecode.c.h; path = MSWeakTimer.h; sourceTree = "<group>"; };
		844B62341F9092E200BC2316 /* MSWeakTimer.m */ = {isa = PBXFileReference; fileEncoding = 4; lastKnownFileType = sourcecode.c.objc; path = MSWeakTimer.m; sourceTree = "<group>"; };
		844B62391F90937B00BC2316 /* MASCompositeConstraint.h */ = {isa = PBXFileReference; fileEncoding = 4; lastKnownFileType = sourcecode.c.h; path = MASCompositeConstraint.h; sourceTree = "<group>"; };
		844B623A1F90937B00BC2316 /* MASCompositeConstraint.m */ = {isa = PBXFileReference; fileEncoding = 4; lastKnownFileType = sourcecode.c.objc; path = MASCompositeConstraint.m; sourceTree = "<group>"; };
		844B623B1F90937B00BC2316 /* MASConstraint+Private.h */ = {isa = PBXFileReference; fileEncoding = 4; lastKnownFileType = sourcecode.c.h; path = "MASConstraint+Private.h"; sourceTree = "<group>"; };
		844B623C1F90937B00BC2316 /* MASConstraint.h */ = {isa = PBXFileReference; fileEncoding = 4; lastKnownFileType = sourcecode.c.h; path = MASConstraint.h; sourceTree = "<group>"; };
		844B623D1F90937B00BC2316 /* MASConstraint.m */ = {isa = PBXFileReference; fileEncoding = 4; lastKnownFileType = sourcecode.c.objc; path = MASConstraint.m; sourceTree = "<group>"; };
		844B623E1F90937B00BC2316 /* MASConstraintMaker.h */ = {isa = PBXFileReference; fileEncoding = 4; lastKnownFileType = sourcecode.c.h; path = MASConstraintMaker.h; sourceTree = "<group>"; };
		844B623F1F90937B00BC2316 /* MASConstraintMaker.m */ = {isa = PBXFileReference; fileEncoding = 4; lastKnownFileType = sourcecode.c.objc; path = MASConstraintMaker.m; sourceTree = "<group>"; };
		844B62401F90937B00BC2316 /* MASLayoutConstraint.h */ = {isa = PBXFileReference; fileEncoding = 4; lastKnownFileType = sourcecode.c.h; path = MASLayoutConstraint.h; sourceTree = "<group>"; };
		844B62411F90937B00BC2316 /* MASLayoutConstraint.m */ = {isa = PBXFileReference; fileEncoding = 4; lastKnownFileType = sourcecode.c.objc; path = MASLayoutConstraint.m; sourceTree = "<group>"; };
		844B62421F90937B00BC2316 /* Masonry.h */ = {isa = PBXFileReference; fileEncoding = 4; lastKnownFileType = sourcecode.c.h; path = Masonry.h; sourceTree = "<group>"; };
		844B62431F90937B00BC2316 /* MASUtilities.h */ = {isa = PBXFileReference; fileEncoding = 4; lastKnownFileType = sourcecode.c.h; path = MASUtilities.h; sourceTree = "<group>"; };
		844B62441F90937B00BC2316 /* MASViewAttribute.h */ = {isa = PBXFileReference; fileEncoding = 4; lastKnownFileType = sourcecode.c.h; path = MASViewAttribute.h; sourceTree = "<group>"; };
		844B62451F90937B00BC2316 /* MASViewAttribute.m */ = {isa = PBXFileReference; fileEncoding = 4; lastKnownFileType = sourcecode.c.objc; path = MASViewAttribute.m; sourceTree = "<group>"; };
		844B62461F90937B00BC2316 /* MASViewConstraint.h */ = {isa = PBXFileReference; fileEncoding = 4; lastKnownFileType = sourcecode.c.h; path = MASViewConstraint.h; sourceTree = "<group>"; };
		844B62471F90937B00BC2316 /* MASViewConstraint.m */ = {isa = PBXFileReference; fileEncoding = 4; lastKnownFileType = sourcecode.c.objc; path = MASViewConstraint.m; sourceTree = "<group>"; };
		844B62481F90937B00BC2316 /* NSArray+MASAdditions.h */ = {isa = PBXFileReference; fileEncoding = 4; lastKnownFileType = sourcecode.c.h; path = "NSArray+MASAdditions.h"; sourceTree = "<group>"; };
		844B62491F90937B00BC2316 /* NSArray+MASAdditions.m */ = {isa = PBXFileReference; fileEncoding = 4; lastKnownFileType = sourcecode.c.objc; path = "NSArray+MASAdditions.m"; sourceTree = "<group>"; };
		844B624A1F90937B00BC2316 /* NSArray+MASShorthandAdditions.h */ = {isa = PBXFileReference; fileEncoding = 4; lastKnownFileType = sourcecode.c.h; path = "NSArray+MASShorthandAdditions.h"; sourceTree = "<group>"; };
		844B624B1F90937B00BC2316 /* NSLayoutConstraint+MASDebugAdditions.h */ = {isa = PBXFileReference; fileEncoding = 4; lastKnownFileType = sourcecode.c.h; path = "NSLayoutConstraint+MASDebugAdditions.h"; sourceTree = "<group>"; };
		844B624C1F90937B00BC2316 /* NSLayoutConstraint+MASDebugAdditions.m */ = {isa = PBXFileReference; fileEncoding = 4; lastKnownFileType = sourcecode.c.objc; path = "NSLayoutConstraint+MASDebugAdditions.m"; sourceTree = "<group>"; };
		844B624D1F90937B00BC2316 /* View+MASAdditions.h */ = {isa = PBXFileReference; fileEncoding = 4; lastKnownFileType = sourcecode.c.h; path = "View+MASAdditions.h"; sourceTree = "<group>"; };
		844B624E1F90937B00BC2316 /* View+MASAdditions.m */ = {isa = PBXFileReference; fileEncoding = 4; lastKnownFileType = sourcecode.c.objc; path = "View+MASAdditions.m"; sourceTree = "<group>"; };
		844B624F1F90937B00BC2316 /* View+MASShorthandAdditions.h */ = {isa = PBXFileReference; fileEncoding = 4; lastKnownFileType = sourcecode.c.h; path = "View+MASShorthandAdditions.h"; sourceTree = "<group>"; };
		844B625A1F9094C500BC2316 /* SVIndefiniteAnimatedView.h */ = {isa = PBXFileReference; fileEncoding = 4; lastKnownFileType = sourcecode.c.h; path = SVIndefiniteAnimatedView.h; sourceTree = "<group>"; };
		844B625B1F9094C500BC2316 /* SVIndefiniteAnimatedView.m */ = {isa = PBXFileReference; fileEncoding = 4; lastKnownFileType = sourcecode.c.objc; path = SVIndefiniteAnimatedView.m; sourceTree = "<group>"; };
		844B625C1F9094C500BC2316 /* SVProgressAnimatedView.h */ = {isa = PBXFileReference; fileEncoding = 4; lastKnownFileType = sourcecode.c.h; path = SVProgressAnimatedView.h; sourceTree = "<group>"; };
		844B625D1F9094C500BC2316 /* SVProgressAnimatedView.m */ = {isa = PBXFileReference; fileEncoding = 4; lastKnownFileType = sourcecode.c.objc; path = SVProgressAnimatedView.m; sourceTree = "<group>"; };
		844B625E1F9094C500BC2316 /* SVProgressHUD-Prefix.pch */ = {isa = PBXFileReference; fileEncoding = 4; lastKnownFileType = sourcecode.c.h; path = "SVProgressHUD-Prefix.pch"; sourceTree = "<group>"; };
		844B625F1F9094C500BC2316 /* SVProgressHUD.bundle */ = {isa = PBXFileReference; lastKnownFileType = "wrapper.plug-in"; path = SVProgressHUD.bundle; sourceTree = "<group>"; };
		844B62601F9094C500BC2316 /* SVProgressHUD.h */ = {isa = PBXFileReference; fileEncoding = 4; lastKnownFileType = sourcecode.c.h; path = SVProgressHUD.h; sourceTree = "<group>"; };
		844B62611F9094C500BC2316 /* SVProgressHUD.m */ = {isa = PBXFileReference; fileEncoding = 4; lastKnownFileType = sourcecode.c.objc; path = SVProgressHUD.m; sourceTree = "<group>"; };
		844B62621F9094C500BC2316 /* SVRadialGradientLayer.h */ = {isa = PBXFileReference; fileEncoding = 4; lastKnownFileType = sourcecode.c.h; path = SVRadialGradientLayer.h; sourceTree = "<group>"; };
		844B62631F9094C500BC2316 /* SVRadialGradientLayer.m */ = {isa = PBXFileReference; fileEncoding = 4; lastKnownFileType = sourcecode.c.objc; path = SVRadialGradientLayer.m; sourceTree = "<group>"; };
/* End PBXFileReference section */

/* Begin PBXFrameworksBuildPhase section */
		844B62111F90928E00BC2316 /* Frameworks */ = {
			isa = PBXFrameworksBuildPhase;
			buildActionMask = 2147483647;
			files = (
			);
			runOnlyForDeploymentPostprocessing = 0;
		};
/* End PBXFrameworksBuildPhase section */

/* Begin PBXGroup section */
		844B620B1F90928E00BC2316 = {
			isa = PBXGroup;
			children = (
				844B62161F90928E00BC2316 /* FMCountDownBtnDemo */,
				844B62151F90928E00BC2316 /* Products */,
			);
			sourceTree = "<group>";
		};
		844B62151F90928E00BC2316 /* Products */ = {
			isa = PBXGroup;
			children = (
				844B62141F90928E00BC2316 /* FMCountDownBtnDemo.app */,
			);
			name = Products;
			sourceTree = "<group>";
		};
		844B62161F90928E00BC2316 /* FMCountDownBtnDemo */ = {
			isa = PBXGroup;
			children = (
				844B622D1F9092E200BC2316 /* Des */,
				844B62171F90928E00BC2316 /* AppDelegate.h */,
				844B62181F90928E00BC2316 /* AppDelegate.m */,
				844B621A1F90928E00BC2316 /* ViewController.h */,
				844B621B1F90928F00BC2316 /* ViewController.m */,
				844B621D1F90928F00BC2316 /* Main.storyboard */,
				844B62201F90928F00BC2316 /* Assets.xcassets */,
				844B62221F90928F00BC2316 /* LaunchScreen.storyboard */,
				844B62251F90928F00BC2316 /* Info.plist */,
				844B62261F90928F00BC2316 /* main.m */,
			);
			path = FMCountDownBtnDemo;
			sourceTree = "<group>";
		};
		844B622D1F9092E200BC2316 /* Des */ = {
			isa = PBXGroup;
			children = (
				844B62591F9094C500BC2316 /* SVProgressHUD */,
				844B62381F90937B00BC2316 /* Masonry */,
				844B622E1F9092E200BC2316 /* CQCountDownButton */,
				844B62311F9092E200BC2316 /* MSWeakTimer */,
			);
			path = Des;
			sourceTree = "<group>";
		};
		844B622E1F9092E200BC2316 /* CQCountDownButton */ = {
			isa = PBXGroup;
			children = (
				844B622F1F9092E200BC2316 /* CQCountDownButton.h */,
				844B62301F9092E200BC2316 /* CQCountDownButton.m */,
			);
			path = CQCountDownButton;
			sourceTree = "<group>";
		};
		844B62311F9092E200BC2316 /* MSWeakTimer */ = {
			isa = PBXGroup;
			children = (
				844B62321F9092E200BC2316 /* Info.plist */,
				844B62331F9092E200BC2316 /* MSWeakTimer.h */,
				844B62341F9092E200BC2316 /* MSWeakTimer.m */,
			);
			path = MSWeakTimer;
			sourceTree = "<group>";
		};
		844B62381F90937B00BC2316 /* Masonry */ = {
			isa = PBXGroup;
			children = (
				844B62391F90937B00BC2316 /* MASCompositeConstraint.h */,
				844B623A1F90937B00BC2316 /* MASCompositeConstraint.m */,
				844B623B1F90937B00BC2316 /* MASConstraint+Private.h */,
				844B623C1F90937B00BC2316 /* MASConstraint.h */,
				844B623D1F90937B00BC2316 /* MASConstraint.m */,
				844B623E1F90937B00BC2316 /* MASConstraintMaker.h */,
				844B623F1F90937B00BC2316 /* MASConstraintMaker.m */,
				844B62401F90937B00BC2316 /* MASLayoutConstraint.h */,
				844B62411F90937B00BC2316 /* MASLayoutConstraint.m */,
				844B62421F90937B00BC2316 /* Masonry.h */,
				844B62431F90937B00BC2316 /* MASUtilities.h */,
				844B62441F90937B00BC2316 /* MASViewAttribute.h */,
				844B62451F90937B00BC2316 /* MASViewAttribute.m */,
				844B62461F90937B00BC2316 /* MASViewConstraint.h */,
				844B62471F90937B00BC2316 /* MASViewConstraint.m */,
				844B62481F90937B00BC2316 /* NSArray+MASAdditions.h */,
				844B62491F90937B00BC2316 /* NSArray+MASAdditions.m */,
				844B624A1F90937B00BC2316 /* NSArray+MASShorthandAdditions.h */,
				844B624B1F90937B00BC2316 /* NSLayoutConstraint+MASDebugAdditions.h */,
				844B624C1F90937B00BC2316 /* NSLayoutConstraint+MASDebugAdditions.m */,
				844B624D1F90937B00BC2316 /* View+MASAdditions.h */,
				844B624E1F90937B00BC2316 /* View+MASAdditions.m */,
				844B624F1F90937B00BC2316 /* View+MASShorthandAdditions.h */,
			);
			path = Masonry;
			sourceTree = "<group>";
		};
		844B62591F9094C500BC2316 /* SVProgressHUD */ = {
			isa = PBXGroup;
			children = (
				844B625A1F9094C500BC2316 /* SVIndefiniteAnimatedView.h */,
				844B625B1F9094C500BC2316 /* SVIndefiniteAnimatedView.m */,
				844B625C1F9094C500BC2316 /* SVProgressAnimatedView.h */,
				844B625D1F9094C500BC2316 /* SVProgressAnimatedView.m */,
				844B625E1F9094C500BC2316 /* SVProgressHUD-Prefix.pch */,
				844B625F1F9094C500BC2316 /* SVProgressHUD.bundle */,
				844B62601F9094C500BC2316 /* SVProgressHUD.h */,
				844B62611F9094C500BC2316 /* SVProgressHUD.m */,
				844B62621F9094C500BC2316 /* SVRadialGradientLayer.h */,
				844B62631F9094C500BC2316 /* SVRadialGradientLayer.m */,
			);
			path = SVProgressHUD;
			sourceTree = "<group>";
		};
/* End PBXGroup section */

/* Begin PBXNativeTarget section */
		844B62131F90928E00BC2316 /* FMCountDownBtnDemo */ = {
			isa = PBXNativeTarget;
			buildConfigurationList = 844B622A1F90928F00BC2316 /* Build configuration list for PBXNativeTarget "FMCountDownBtnDemo" */;
			buildPhases = (
				844B62101F90928E00BC2316 /* Sources */,
				844B62111F90928E00BC2316 /* Frameworks */,
				844B62121F90928E00BC2316 /* Resources */,
			);
			buildRules = (
			);
			dependencies = (
			);
			name = FMCountDownBtnDemo;
			productName = FMCountDownBtnDemo;
			productReference = 844B62141F90928E00BC2316 /* FMCountDownBtnDemo.app */;
			productType = "com.apple.product-type.application";
		};
/* End PBXNativeTarget section */

/* Begin PBXProject section */
		844B620C1F90928E00BC2316 /* Project object */ = {
			isa = PBXProject;
			attributes = {
				LastUpgradeCheck = 0900;
				ORGANIZATIONNAME = wangjiuyin;
				TargetAttributes = {
					844B62131F90928E00BC2316 = {
						CreatedOnToolsVersion = 9.0;
						ProvisioningStyle = Automatic;
					};
				};
			};
			buildConfigurationList = 844B620F1F90928E00BC2316 /* Build configuration list for PBXProject "FMCountDownBtnDemo" */;
			compatibilityVersion = "Xcode 8.0";
			developmentRegion = en;
			hasScannedForEncodings = 0;
			knownRegions = (
				en,
				Base,
			);
			mainGroup = 844B620B1F90928E00BC2316;
			productRefGroup = 844B62151F90928E00BC2316 /* Products */;
			projectDirPath = "";
			projectRoot = "";
			targets = (
				844B62131F90928E00BC2316 /* FMCountDownBtnDemo */,
			);
		};
/* End PBXProject section */

/* Begin PBXResourcesBuildPhase section */
		844B62121F90928E00BC2316 /* Resources */ = {
			isa = PBXResourcesBuildPhase;
			buildActionMask = 2147483647;
			files = (
				844B62661F9094C500BC2316 /* SVProgressHUD.bundle in Resources */,
				844B62361F9092E200BC2316 /* Info.plist in Resources */,
				844B62241F90928F00BC2316 /* LaunchScreen.storyboard in Resources */,
				844B62211F90928F00BC2316 /* Assets.xcassets in Resources */,
				844B621F1F90928F00BC2316 /* Main.storyboard in Resources */,
			);
			runOnlyForDeploymentPostprocessing = 0;
		};
/* End PBXResourcesBuildPhase section */

/* Begin PBXSourcesBuildPhase section */
		844B62101F90928E00BC2316 /* Sources */ = {
			isa = PBXSourcesBuildPhase;
			buildActionMask = 2147483647;
			files = (
				844B62571F90937B00BC2316 /* NSLayoutConstraint+MASDebugAdditions.m in Sources */,
				844B62681F9094C500BC2316 /* SVRadialGradientLayer.m in Sources */,
				844B621C1F90928F00BC2316 /* ViewController.m in Sources */,
				844B62551F90937B00BC2316 /* MASViewConstraint.m in Sources */,
				844B62271F90928F00BC2316 /* main.m in Sources */,
				844B62191F90928E00BC2316 /* AppDelegate.m in Sources */,
				844B62671F9094C500BC2316 /* SVProgressHUD.m in Sources */,
				844B62641F9094C500BC2316 /* SVIndefiniteAnimatedView.m in Sources */,
				844B62351F9092E200BC2316 /* CQCountDownButton.m in Sources */,
				844B62581F90937B00BC2316 /* View+MASAdditions.m in Sources */,
				844B62501F90937B00BC2316 /* MASCompositeConstraint.m in Sources */,
				844B62541F90937B00BC2316 /* MASViewAttribute.m in Sources */,
				844B62521F90937B00BC2316 /* MASConstraintMaker.m in Sources */,
				844B62561F90937B00BC2316 /* NSArray+MASAdditions.m in Sources */,
				844B62511F90937B00BC2316 /* MASConstraint.m in Sources */,
				844B62531F90937B00BC2316 /* MASLayoutConstraint.m in Sources */,
				844B62371F9092E200BC2316 /* MSWeakTimer.m in Sources */,
				844B62651F9094C500BC2316 /* SVProgressAnimatedView.m in Sources */,
			);
			runOnlyForDeploymentPostprocessing = 0;
		};
/* End PBXSourcesBuildPhase section */

/* Begin PBXVariantGroup section */
		844B621D1F90928F00BC2316 /* Main.storyboard */ = {
			isa = PBXVariantGroup;
			children = (
				844B621E1F90928F00BC2316 /* Base */,
			);
			name = Main.storyboard;
			sourceTree = "<group>";
		};
		844B62221F90928F00BC2316 /* LaunchScreen.storyboard */ = {
			isa = PBXVariantGroup;
			children = (
				844B62231F90928F00BC2316 /* Base */,
			);
			name = LaunchScreen.storyboard;
			sourceTree = "<group>";
		};
/* End PBXVariantGroup section */

/* Begin XCBuildConfiguration section */
		844B62281F90928F00BC2316 /* Debug */ = {
			isa = XCBuildConfiguration;
			buildSettings = {
				ALWAYS_SEARCH_USER_PATHS = NO;
				CLANG_ANALYZER_NONNULL = YES;
				CLANG_ANALYZER_NUMBER_OBJECT_CONVERSION = YES_AGGRESSIVE;
				CLANG_CXX_LANGUAGE_STANDARD = "gnu++14";
				CLANG_CXX_LIBRARY = "libc++";
				CLANG_ENABLE_MODULES = YES;
				CLANG_ENABLE_OBJC_ARC = YES;
				CLANG_WARN_BLOCK_CAPTURE_AUTORELEASING = YES;
				CLANG_WARN_BOOL_CONVERSION = YES;
				CLANG_WARN_COMMA = YES;
				CLANG_WARN_CONSTANT_CONVERSION = YES;
				CLANG_WARN_DIRECT_OBJC_ISA_USAGE = YES_ERROR;
				CLANG_WARN_DOCUMENTATION_COMMENTS = YES;
				CLANG_WARN_EMPTY_BODY = YES;
				CLANG_WARN_ENUM_CONVERSION = YES;
				CLANG_WARN_INFINITE_RECURSION = YES;
				CLANG_WARN_INT_CONVERSION = YES;
				CLANG_WARN_NON_LITERAL_NULL_CONVERSION = YES;
				CLANG_WARN_OBJC_LITERAL_CONVERSION = YES;
				CLANG_WARN_OBJC_ROOT_CLASS = YES_ERROR;
				CLANG_WARN_RANGE_LOOP_ANALYSIS = YES;
				CLANG_WARN_STRICT_PROTOTYPES = YES;
				CLANG_WARN_SUSPICIOUS_MOVE = YES;
				CLANG_WARN_UNGUARDED_AVAILABILITY = YES_AGGRESSIVE;
				CLANG_WARN_UNREACHABLE_CODE = YES;
				CLANG_WARN__DUPLICATE_METHOD_MATCH = YES;
				CODE_SIGN_IDENTITY = "iPhone Developer";
				COPY_PHASE_STRIP = NO;
				DEBUG_INFORMATION_FORMAT = dwarf;
				ENABLE_STRICT_OBJC_MSGSEND = YES;
				ENABLE_TESTABILITY = YES;
				GCC_C_LANGUAGE_STANDARD = gnu11;
				GCC_DYNAMIC_NO_PIC = NO;
				GCC_NO_COMMON_BLOCKS = YES;
				GCC_OPTIMIZATION_LEVEL = 0;
				GCC_PREPROCESSOR_DEFINITIONS = (
					"DEBUG=1",
					"$(inherited)",
				);
				GCC_WARN_64_TO_32_BIT_CONVERSION = YES;
				GCC_WARN_ABOUT_RETURN_TYPE = YES_ERROR;
				GCC_WARN_UNDECLARED_SELECTOR = YES;
				GCC_WARN_UNINITIALIZED_AUTOS = YES_AGGRESSIVE;
				GCC_WARN_UNUSED_FUNCTION = YES;
				GCC_WARN_UNUSED_VARIABLE = YES;
				IPHONEOS_DEPLOYMENT_TARGET = 11.0;
				MTL_ENABLE_DEBUG_INFO = YES;
				ONLY_ACTIVE_ARCH = YES;
				SDKROOT = iphoneos;
			};
			name = Debug;
		};
		844B62291F90928F00BC2316 /* Release */ = {
			isa = XCBuildConfiguration;
			buildSettings = {
				ALWAYS_SEARCH_USER_PATHS = NO;
				CLANG_ANALYZER_NONNULL = YES;
				CLANG_ANALYZER_NUMBER_OBJECT_CONVERSION = YES_AGGRESSIVE;
				CLANG_CXX_LANGUAGE_STANDARD = "gnu++14";
				CLANG_CXX_LIBRARY = "libc++";
				CLANG_ENABLE_MODULES = YES;
				CLANG_ENABLE_OBJC_ARC = YES;
				CLANG_WARN_BLOCK_CAPTURE_AUTORELEASING = YES;
				CLANG_WARN_BOOL_CONVERSION = YES;
				CLANG_WARN_COMMA = YES;
				CLANG_WARN_CONSTANT_CONVERSION = YES;
				CLANG_WARN_DIRECT_OBJC_ISA_USAGE = YES_ERROR;
				CLANG_WARN_DOCUMENTATION_COMMENTS = YES;
				CLANG_WARN_EMPTY_BODY = YES;
				CLANG_WARN_ENUM_CONVERSION = YES;
				CLANG_WARN_INFINITE_RECURSION = YES;
				CLANG_WARN_INT_CONVERSION = YES;
				CLANG_WARN_NON_LITERAL_NULL_CONVERSION = YES;
				CLANG_WARN_OBJC_LITERAL_CONVERSION = YES;
				CLANG_WARN_OBJC_ROOT_CLASS = YES_ERROR;
				CLANG_WARN_RANGE_LOOP_ANALYSIS = YES;
				CLANG_WARN_STRICT_PROTOTYPES = YES;
				CLANG_WARN_SUSPICIOUS_MOVE = YES;
				CLANG_WARN_UNGUARDED_AVAILABILITY = YES_AGGRESSIVE;
				CLANG_WARN_UNREACHABLE_CODE = YES;
				CLANG_WARN__DUPLICATE_METHOD_MATCH = YES;
				CODE_SIGN_IDENTITY = "iPhone Developer";
				COPY_PHASE_STRIP = NO;
				DEBUG_INFORMATION_FORMAT = "dwarf-with-dsym";
				ENABLE_NS_ASSERTIONS = NO;
				ENABLE_STRICT_OBJC_MSGSEND = YES;
				GCC_C_LANGUAGE_STANDARD = gnu11;
				GCC_NO_COMMON_BLOCKS = YES;
				GCC_WARN_64_TO_32_BIT_CONVERSION = YES;
				GCC_WARN_ABOUT_RETURN_TYPE = YES_ERROR;
				GCC_WARN_UNDECLARED_SELECTOR = YES;
				GCC_WARN_UNINITIALIZED_AUTOS = YES_AGGRESSIVE;
				GCC_WARN_UNUSED_FUNCTION = YES;
				GCC_WARN_UNUSED_VARIABLE = YES;
				IPHONEOS_DEPLOYMENT_TARGET = 11.0;
				MTL_ENABLE_DEBUG_INFO = NO;
				SDKROOT = iphoneos;
				VALIDATE_PRODUCT = YES;
			};
			name = Release;
		};
		844B622B1F90928F00BC2316 /* Debug */ = {
			isa = XCBuildConfiguration;
			buildSettings = {
				ASSETCATALOG_COMPILER_APPICON_NAME = AppIcon;
				CODE_SIGN_STYLE = Automatic;
				DEVELOPMENT_TEAM = 538CZ4N2AQ;
				INFOPLIST_FILE = FMCountDownBtnDemo/Info.plist;
				LD_RUNPATH_SEARCH_PATHS = "$(inherited) @executable_path/Frameworks";
				PRODUCT_BUNDLE_IDENTIFIER = com.jiemian.FMCountDownBtnDemo;
				PRODUCT_NAME = "$(TARGET_NAME)";
				TARGETED_DEVICE_FAMILY = "1,2";
			};
			name = Debug;
		};
		844B622C1F90928F00BC2316 /* Release */ = {
			isa = XCBuildConfiguration;
			buildSettings = {
				ASSETCATALOG_COMPILER_APPICON_NAME = AppIcon;
				CODE_SIGN_STYLE = Automatic;
				DEVELOPMENT_TEAM = 538CZ4N2AQ;
				INFOPLIST_FILE = FMCountDownBtnDemo/Info.plist;
				LD_RUNPATH_SEARCH_PATHS = "$(inherited) @executable_path/Frameworks";
				PRODUCT_BUNDLE_IDENTIFIER = com.jiemian.FMCountDownBtnDemo;
				PRODUCT_NAME = "$(TARGET_NAME)";
				TARGETED_DEVICE_FAMILY = "1,2";
			};
			name = Release;
		};
/* End XCBuildConfiguration section */

/* Begin XCConfigurationList section */
		844B620F1F90928E00BC2316 /* Build configuration list for PBXProject "FMCountDownBtnDemo" */ = {
			isa = XCConfigurationList;
			buildConfigurations = (
				844B62281F90928F00BC2316 /* Debug */,
				844B62291F90928F00BC2316 /* Release */,
			);
			defaultConfigurationIsVisible = 0;
			defaultConfigurationName = Release;
		};
		844B622A1F90928F00BC2316 /* Build configuration list for PBXNativeTarget "FMCountDownBtnDemo" */ = {
			isa = XCConfigurationList;
			buildConfigurations = (
				844B622B1F90928F00BC2316 /* Debug */,
				844B622C1F90928F00BC2316 /* Release */,
			);
			defaultConfigurationIsVisible = 0;
			defaultConfigurationName = Release;
		};
/* End XCConfigurationList section */
	};
	rootObject = 844B620C1F90928E00BC2316 /* Project object */;
}
